# generated by rye
# use `rye lock` or `rye sync` to update this lockfile
#
# last locked with the following flags:
#   pre: false
#   features: []
#   all-features: false
#   with-sources: false
#   generate-hashes: false

-e file:.
aiohttp==3.9.5
    # via fsspec
aiosignal==1.3.1
    # via aiohttp
asttokens==2.4.1
    # via stack-data
async-timeout==4.0.3
    # via aiohttp
attrs==23.2.0
    # via aiohttp
    # via fiona
cachetools==5.3.3
    # via cudf-cu12
certifi==2024.6.2
    # via fiona
    # via pyogrio
    # via pyproj
click==8.1.7
    # via click-plugins
    # via cligj
    # via dask
    # via dask-cuda
    # via distributed
    # via fiona
click-plugins==1.1.1
    # via fiona
cligj==0.7.2
    # via fiona
cloudpickle==3.0.0
    # via dask
    # via distributed
contourpy==1.2.1
    # via matplotlib
cuda-python==12.5.0
    # via cudf-cu12
    # via pylibraft-cu12
    # via rmm-cu12
cudf-cu12==24.6.0
    # via cugraph-cu12
    # via dask-cudf-cu12
    # via ukroutes
cugraph-cu12==24.6.0
    # via ukroutes
cupy-cuda12x==13.1.0
    # via cudf-cu12
    # via cugraph-cu12
    # via dask-cudf-cu12
cycler==0.12.1
    # via matplotlib
dask==2024.5.1
    # via dask-expr
    # via distributed
    # via rapids-dask-dependency
dask-cuda==24.6.0
    # via cugraph-cu12
    # via raft-dask-cu12
dask-cudf-cu12==24.6.0
    # via cugraph-cu12
dask-expr==1.1.1
    # via rapids-dask-dependency
decorator==5.1.1
    # via ipdb
    # via ipython
distributed==2024.5.1
    # via rapids-dask-dependency
distributed-ucxx-cu12==0.38.0
    # via raft-dask-cu12
exceptiongroup==1.2.1
    # via ipython
executing==2.0.1
    # via stack-data
fastrlock==0.8.2
    # via cupy-cuda12x
fiona==1.9.6
    # via geopandas
fonttools==4.53.0
    # via matplotlib
frozenlist==1.4.1
    # via aiohttp
    # via aiosignal
fsspec==2024.6.0
    # via cudf-cu12
    # via cugraph-cu12
    # via dask
    # via dask-cudf-cu12
geopandas==0.14.4
    # via ukroutes
idna==3.7
    # via yarl
importlib-metadata==7.1.0
    # via dask
ipdb==0.13.13
ipython==8.25.0
    # via ipdb
jedi==0.19.1
    # via ipython
jinja2==3.1.4
    # via distributed
joblib==1.4.2
    # via raft-dask-cu12
kiwisolver==1.4.5
    # via matplotlib
libucx-cu12==1.15.0.post1
    # via ucx-py-cu12
    # via ucxx-cu12
llvmlite==0.42.0
    # via numba
locket==1.0.0
    # via distributed
    # via partd
markdown-it-py==3.0.0
    # via rich
markupsafe==2.1.5
    # via jinja2
matplotlib==3.9.0
    # via ukroutes
matplotlib-inline==0.1.7
    # via ipython
mdurl==0.1.2
    # via markdown-it-py
msgpack==1.0.8
    # via distributed
multidict==6.0.5
    # via aiohttp
    # via yarl
numba==0.59.1
    # via cudf-cu12
    # via cugraph-cu12
    # via dask-cuda
    # via distributed-ucxx-cu12
    # via raft-dask-cu12
    # via rmm-cu12
numpy==1.26.4
    # via contourpy
    # via cudf-cu12
    # via cugraph-cu12
    # via cupy-cuda12x
    # via dask-cuda
    # via dask-cudf-cu12
    # via geopandas
    # via matplotlib
    # via numba
    # via pandas
    # via pyarrow
    # via pylibraft-cu12
    # via pyogrio
    # via raft-dask-cu12
    # via rmm-cu12
    # via scipy
    # via shapely
    # via ucx-py-cu12
    # via ucxx-cu12
nvtx==0.2.10
    # via cudf-cu12
packaging==24.0
    # via cudf-cu12
    # via dask
    # via distributed
    # via geopandas
    # via matplotlib
    # via pyogrio
pandas==2.2.2
    # via cudf-cu12
    # via dask-cuda
    # via dask-cudf-cu12
    # via dask-expr
    # via geopandas
parso==0.8.4
    # via jedi
partd==1.4.2
    # via dask
pexpect==4.9.0
    # via ipython
pillow==10.3.0
    # via matplotlib
polars==0.20.31
    # via ukroutes
prompt-toolkit==3.0.46
    # via ipython
psutil==5.9.8
    # via distributed
ptyprocess==0.7.0
    # via pexpect
pure-eval==0.2.2
    # via stack-data
pyarrow==16.1.0
    # via cudf-cu12
    # via dask-expr
pygments==2.18.0
    # via ipython
    # via rich
pylibcugraph-cu12==24.6.0
    # via cugraph-cu12
pylibraft-cu12==24.6.0
    # via pylibcugraph-cu12
    # via raft-dask-cu12
pynvjitlink-cu12==0.2.3
    # via cudf-cu12
pynvml==11.4.1
    # via dask-cuda
    # via ucx-py-cu12
    # via ucxx-cu12
pyogrio==0.8.0
    # via ukroutes
pyparsing==3.1.2
    # via matplotlib
pyproj==3.6.1
    # via geopandas
pyqt6==6.7.0
    # via ukroutes
pyqt6-qt6==6.7.1
    # via pyqt6
pyqt6-sip==13.6.0
    # via pyqt6
python-dateutil==2.9.0.post0
    # via matplotlib
    # via pandas
pytz==2024.1
    # via pandas
pyyaml==6.0.1
    # via dask
    # via distributed
raft-dask-cu12==24.6.0
    # via cugraph-cu12
rapids-dask-dependency==24.6.0
    # via cugraph-cu12
    # via dask-cuda
    # via dask-cudf-cu12
    # via distributed-ucxx-cu12
    # via raft-dask-cu12
rich==13.7.1
    # via cudf-cu12
    # via ukroutes
rmm-cu12==24.6.0
    # via cudf-cu12
    # via cugraph-cu12
    # via pylibcugraph-cu12
    # via pylibraft-cu12
    # via ucxx-cu12
scipy==1.13.1
    # via ukroutes
shapely==2.0.4
    # via geopandas
six==1.16.0
    # via asttokens
    # via fiona
    # via python-dateutil
sortedcontainers==2.4.0
    # via distributed
stack-data==0.6.3
    # via ipython
tblib==3.0.0
    # via distributed
tomli==2.0.1
    # via ipdb
toolz==0.12.1
    # via dask
    # via distributed
    # via partd
tornado==6.4
    # via distributed
tqdm==4.66.4
    # via ukroutes
traitlets==5.14.3
    # via ipython
    # via matplotlib-inline
typing-extensions==4.12.1
    # via cudf-cu12
    # via ipython
tzdata==2024.1
    # via pandas
ucx-py-cu12==0.38.0
    # via cugraph-cu12
    # via raft-dask-cu12
ucxx-cu12==0.38.0
    # via distributed-ucxx-cu12
urllib3==2.2.1
    # via distributed
wcwidth==0.2.13
    # via prompt-toolkit
yarl==1.9.4
    # via aiohttp
zict==3.0.0
    # via dask-cuda
    # via distributed
zipp==3.19.2
    # via importlib-metadata
