# generated by rye
# use `rye lock` or `rye sync` to update this lockfile
#
# last locked with the following flags:
#   pre: false
#   features: []
#   all-features: false
#   with-sources: false
#   generate-hashes: false

-e file:.
aiohttp==3.9.5
    # via fsspec
aiosignal==1.3.1
    # via aiohttp
async-timeout==4.0.3
    # via aiohttp
attrs==23.2.0
    # via aiohttp
    # via fiona
cachetools==5.3.3
    # via cudf-cu12
certifi==2024.6.2
    # via fiona
    # via pyogrio
    # via pyproj
click==8.1.7
    # via click-plugins
    # via cligj
    # via dask
    # via dask-cuda
    # via distributed
    # via fiona
click-plugins==1.1.1
    # via fiona
cligj==0.7.2
    # via fiona
cloudpickle==3.0.0
    # via dask
    # via distributed
cuda-python==12.5.0
    # via cudf-cu12
    # via pylibraft-cu12
    # via rmm-cu12
cudf-cu12==24.6.0
    # via cugraph-cu12
    # via dask-cudf-cu12
    # via ukroutes
cugraph-cu12==24.6.0
    # via ukroutes
cupy-cuda12x==13.1.0
    # via cudf-cu12
    # via cugraph-cu12
    # via dask-cudf-cu12
dask==2024.5.1
    # via dask-expr
    # via distributed
    # via rapids-dask-dependency
dask-cuda==24.6.0
    # via cugraph-cu12
    # via raft-dask-cu12
dask-cudf-cu12==24.6.0
    # via cugraph-cu12
dask-expr==1.1.1
    # via rapids-dask-dependency
distributed==2024.5.1
    # via rapids-dask-dependency
distributed-ucxx-cu12==0.38.0
    # via raft-dask-cu12
fastrlock==0.8.2
    # via cupy-cuda12x
fiona==1.9.6
    # via geopandas
frozenlist==1.4.1
    # via aiohttp
    # via aiosignal
fsspec==2024.6.0
    # via cudf-cu12
    # via cugraph-cu12
    # via dask
    # via dask-cudf-cu12
geopandas==0.14.4
    # via ukroutes
greenlet==3.0.3
    # via sqlalchemy
idna==3.7
    # via yarl
importlib-metadata==7.1.0
    # via dask
jinja2==3.1.4
    # via distributed
joblib==1.4.2
    # via raft-dask-cu12
libucx-cu12==1.15.0.post1
    # via ucx-py-cu12
    # via ucxx-cu12
llvmlite==0.42.0
    # via numba
locket==1.0.0
    # via distributed
    # via partd
markdown-it-py==3.0.0
    # via rich
markupsafe==2.1.5
    # via jinja2
mdurl==0.1.2
    # via markdown-it-py
msgpack==1.0.8
    # via distributed
multidict==6.0.5
    # via aiohttp
    # via yarl
numba==0.59.1
    # via cudf-cu12
    # via cugraph-cu12
    # via dask-cuda
    # via distributed-ucxx-cu12
    # via raft-dask-cu12
    # via rmm-cu12
numpy==1.26.4
    # via cudf-cu12
    # via cugraph-cu12
    # via cupy-cuda12x
    # via dask-cuda
    # via dask-cudf-cu12
    # via geopandas
    # via numba
    # via pandas
    # via pyarrow
    # via pylibraft-cu12
    # via pyogrio
    # via raft-dask-cu12
    # via rmm-cu12
    # via scipy
    # via shapely
    # via ucx-py-cu12
    # via ucxx-cu12
nvtx==0.2.10
    # via cudf-cu12
packaging==24.0
    # via cudf-cu12
    # via dask
    # via distributed
    # via geopandas
    # via pyogrio
pandas==2.2.2
    # via cudf-cu12
    # via dask-cuda
    # via dask-cudf-cu12
    # via dask-expr
    # via geopandas
partd==1.4.2
    # via dask
polars==0.20.31
    # via ukroutes
psutil==5.9.8
    # via distributed
pyarrow==16.1.0
    # via cudf-cu12
    # via dask-expr
pygments==2.18.0
    # via rich
pylibcugraph-cu12==24.6.0
    # via cugraph-cu12
pylibraft-cu12==24.6.0
    # via pylibcugraph-cu12
    # via raft-dask-cu12
pynvjitlink-cu12==0.2.3
    # via cudf-cu12
pynvml==11.4.1
    # via dask-cuda
    # via ucx-py-cu12
    # via ucxx-cu12
pyogrio==0.8.0
    # via ukroutes
pyproj==3.6.1
    # via geopandas
python-dateutil==2.9.0.post0
    # via pandas
pytz==2024.1
    # via pandas
pyyaml==6.0.1
    # via dask
    # via distributed
raft-dask-cu12==24.6.0
    # via cugraph-cu12
rapids-dask-dependency==24.6.0
    # via cugraph-cu12
    # via dask-cuda
    # via dask-cudf-cu12
    # via distributed-ucxx-cu12
    # via raft-dask-cu12
rich==13.7.1
    # via cudf-cu12
    # via ukroutes
rmm-cu12==24.6.0
    # via cudf-cu12
    # via cugraph-cu12
    # via pylibcugraph-cu12
    # via pylibraft-cu12
    # via ucxx-cu12
scipy==1.13.1
    # via ukroutes
shapely==2.0.4
    # via geopandas
six==1.16.0
    # via fiona
    # via python-dateutil
sortedcontainers==2.4.0
    # via distributed
sqlalchemy==2.0.30
    # via ukroutes
tblib==3.0.0
    # via distributed
toolz==0.12.1
    # via dask
    # via distributed
    # via partd
tornado==6.4
    # via distributed
tqdm==4.66.4
    # via ukroutes
typing-extensions==4.12.1
    # via cudf-cu12
    # via sqlalchemy
tzdata==2024.1
    # via pandas
ucx-py-cu12==0.38.0
    # via cugraph-cu12
    # via raft-dask-cu12
ucxx-cu12==0.38.0
    # via distributed-ucxx-cu12
urllib3==2.2.1
    # via distributed
yarl==1.9.4
    # via aiohttp
zict==3.0.0
    # via dask-cuda
    # via distributed
zipp==3.19.2
    # via importlib-metadata
