# generated by rye
# use `rye lock` or `rye sync` to update this lockfile
#
# last locked with the following flags:
#   pre: false
#   features: []
#   all-features: false
#   with-sources: false
#   generate-hashes: false
#   universal: false

-e file:.
networkx==3.3
    # via ukroutes
numpy==2.0.1
    # via pandas
    # via pyarrow
    # via scipy
pandas==2.2.2
    # via ukroutes
pyarrow==17.0.0
    # via ukroutes
python-dateutil==2.9.0.post0
    # via pandas
pytz==2024.1
    # via pandas
scipy==1.14.0
    # via ukroutes
six==1.16.0
    # via python-dateutil
tqdm==4.66.5
    # via ukroutes
tzdata==2024.1
    # via pandas
